// !$*UTF8*$!
{
	archiveVersion = 1;
	classes = {
	};
	objectVersion = 46;
	objects = {

/* Begin PBXBuildFile section */
		88FF749B1D43D0040026C10E /* AppDelegate.swift in Sources */ = {isa = PBXBuildFile; fileRef = 88FF749A1D43D0040026C10E /* AppDelegate.swift */; };
		88FF749D1D43D0040026C10E /* IVolLoginViewController.swift in Sources */ = {isa = PBXBuildFile; fileRef = 88FF749C1D43D0040026C10E /* IVolLoginViewController.swift */; };
		88FF74A01D43D0040026C10E /* Main.storyboard in Resources */ = {isa = PBXBuildFile; fileRef = 88FF749E1D43D0040026C10E /* Main.storyboard */; };
		88FF74A21D43D0040026C10E /* Assets.xcassets in Resources */ = {isa = PBXBuildFile; fileRef = 88FF74A11D43D0040026C10E /* Assets.xcassets */; };
		88FF74A51D43D0040026C10E /* LaunchScreen.storyboard in Resources */ = {isa = PBXBuildFile; fileRef = 88FF74A31D43D0040026C10E /* LaunchScreen.storyboard */; };
		88FF74B41D43D5060026C10E /* IVolBaseViewController.swift in Sources */ = {isa = PBXBuildFile; fileRef = 88FF74B31D43D5060026C10E /* IVolBaseViewController.swift */; };
		88FF74B91D43D6C90026C10E /* User.swift in Sources */ = {isa = PBXBuildFile; fileRef = 88FF74B81D43D6C90026C10E /* User.swift */; };
		88FF74BB1D43DAD90026C10E /* Event.swift in Sources */ = {isa = PBXBuildFile; fileRef = 88FF74BA1D43DAD90026C10E /* Event.swift */; };
		88FF74BD1D43DD0E0026C10E /* NonProfitGym.swift in Sources */ = {isa = PBXBuildFile; fileRef = 88FF74BC1D43DD0E0026C10E /* NonProfitGym.swift */; };
		88FF74BF1D43E1EA0026C10E /* Clan.swift in Sources */ = {isa = PBXBuildFile; fileRef = 88FF74BE1D43E1EA0026C10E /* Clan.swift */; };
/* End PBXBuildFile section */

/* Begin PBXFileReference section */
		88FF74971D43D0040026C10E /* i-Vol.app */ = {isa = PBXFileReference; explicitFileType = wrapper.application; includeInIndex = 0; path = "i-Vol.app"; sourceTree = BUILT_PRODUCTS_DIR; };
		88FF749A1D43D0040026C10E /* AppDelegate.swift */ = {isa = PBXFileReference; lastKnownFileType = sourcecode.swift; path = AppDelegate.swift; sourceTree = "<group>"; };
		88FF749C1D43D0040026C10E /* IVolLoginViewController.swift */ = {isa = PBXFileReference; lastKnownFileType = sourcecode.swift; name = IVolLoginViewController.swift; path = Controller/IVolLoginViewController.swift; sourceTree = "<group>"; };
		88FF749F1D43D0040026C10E /* Base */ = {isa = PBXFileReference; lastKnownFileType = file.storyboard; name = Base; path = Base.lproj/Main.storyboard; sourceTree = "<group>"; };
		88FF74A11D43D0040026C10E /* Assets.xcassets */ = {isa = PBXFileReference; lastKnownFileType = folder.assetcatalog; path = Assets.xcassets; sourceTree = "<group>"; };
		88FF74A41D43D0040026C10E /* Base */ = {isa = PBXFileReference; lastKnownFileType = file.storyboard; name = Base; path = Base.lproj/LaunchScreen.storyboard; sourceTree = "<group>"; };
		88FF74A61D43D0040026C10E /* Info.plist */ = {isa = PBXFileReference; lastKnownFileType = text.plist.xml; name = Info.plist; path = SupportingFiles/Info.plist; sourceTree = "<group>"; };
		88FF74B31D43D5060026C10E /* IVolBaseViewController.swift */ = {isa = PBXFileReference; fileEncoding = 4; lastKnownFileType = sourcecode.swift; name = IVolBaseViewController.swift; path = Controller/IVolBaseViewController.swift; sourceTree = "<group>"; };
		88FF74B81D43D6C90026C10E /* User.swift */ = {isa = PBXFileReference; fileEncoding = 4; lastKnownFileType = sourcecode.swift; name = User.swift; path = Model/User.swift; sourceTree = "<group>"; };
		88FF74BA1D43DAD90026C10E /* Event.swift */ = {isa = PBXFileReference; fileEncoding = 4; lastKnownFileType = sourcecode.swift; name = Event.swift; path = Model/Event.swift; sourceTree = "<group>"; };
		88FF74BC1D43DD0E0026C10E /* NonProfitGym.swift */ = {isa = PBXFileReference; fileEncoding = 4; lastKnownFileType = sourcecode.swift; name = NonProfitGym.swift; path = Model/NonProfitGym.swift; sourceTree = "<group>"; };
		88FF74BE1D43E1EA0026C10E /* Clan.swift */ = {isa = PBXFileReference; fileEncoding = 4; lastKnownFileType = sourcecode.swift; name = Clan.swift; path = Model/Clan.swift; sourceTree = "<group>"; };
/* End PBXFileReference section */

/* Begin PBXFrameworksBuildPhase section */
		88FF74941D43D0040026C10E /* Frameworks */ = {
			isa = PBXFrameworksBuildPhase;
			buildActionMask = 2147483647;
			files = (
			);
			runOnlyForDeploymentPostprocessing = 0;
		};
/* End PBXFrameworksBuildPhase section */

/* Begin PBXGroup section */
		88FF748E1D43D0040026C10E = {
			isa = PBXGroup;
			children = (
				88FF74991D43D0040026C10E /* i-Vol */,
				88FF74981D43D0040026C10E /* Products */,
			);
			sourceTree = "<group>";
		};
		88FF74981D43D0040026C10E /* Products */ = {
			isa = PBXGroup;
			children = (
				88FF74971D43D0040026C10E /* i-Vol.app */,
			);
			name = Products;
			sourceTree = "<group>";
		};
		88FF74991D43D0040026C10E /* i-Vol */ = {
			isa = PBXGroup;
			children = (
				88FF74B21D43D0640026C10E /* SupportingFiles */,
				88FF74B11D43D0590026C10E /* Resources */,
				88FF74B01D43D0410026C10E /* Utilities */,
				88FF74AF1D43D02E0026C10E /* Storyboards */,
				88FF74AE1D43D0280026C10E /* Controller */,
				88FF74AD1D43D0230026C10E /* View */,
				88FF74AC1D43D01D0026C10E /* Model */,
				88FF749A1D43D0040026C10E /* AppDelegate.swift */,
				88FF74A11D43D0040026C10E /* Assets.xcassets */,
			);
			path = "i-Vol";
			sourceTree = "<group>";
		};
		88FF74AC1D43D01D0026C10E /* Model */ = {
			isa = PBXGroup;
			children = (
				88FF74B81D43D6C90026C10E /* User.swift */,
				88FF74BA1D43DAD90026C10E /* Event.swift */,
				88FF74BC1D43DD0E0026C10E /* NonProfitGym.swift */,
				88FF74BE1D43E1EA0026C10E /* Clan.swift */,
			);
			name = Model;
			sourceTree = "<group>";
		};
		88FF74AD1D43D0230026C10E /* View */ = {
			isa = PBXGroup;
			children = (
			);
			name = View;
			sourceTree = "<group>";
		};
		88FF74AE1D43D0280026C10E /* Controller */ = {
			isa = PBXGroup;
			children = (
				88FF749C1D43D0040026C10E /* IVolLoginViewController.swift */,
				88FF74B31D43D5060026C10E /* IVolBaseViewController.swift */,
			);
			name = Controller;
			sourceTree = "<group>";
		};
		88FF74AF1D43D02E0026C10E /* Storyboards */ = {
			isa = PBXGroup;
			children = (
				88FF74A31D43D0040026C10E /* LaunchScreen.storyboard */,
				88FF749E1D43D0040026C10E /* Main.storyboard */,
			);
			name = Storyboards;
			sourceTree = "<group>";
		};
		88FF74B01D43D0410026C10E /* Utilities */ = {
			isa = PBXGroup;
			children = (
				88FF74B51D43D5F00026C10E /* Singletons */,
			);
			name = Utilities;
			sourceTree = "<group>";
		};
		88FF74B11D43D0590026C10E /* Resources */ = {
			isa = PBXGroup;
			children = (
			);
			name = Resources;
			sourceTree = "<group>";
		};
		88FF74B21D43D0640026C10E /* SupportingFiles */ = {
			isa = PBXGroup;
			children = (
				88FF74A61D43D0040026C10E /* Info.plist */,
			);
			name = SupportingFiles;
			sourceTree = "<group>";
		};
		88FF74B51D43D5F00026C10E /* Singletons */ = {
			isa = PBXGroup;
			children = (
			);
			name = Singletons;
			sourceTree = "<group>";
		};
/* End PBXGroup section */

/* Begin PBXNativeTarget section */
		88FF74961D43D0040026C10E /* i-Vol */ = {
			isa = PBXNativeTarget;
			buildConfigurationList = 88FF74A91D43D0040026C10E /* Build configuration list for PBXNativeTarget "i-Vol" */;
			buildPhases = (
				88FF74931D43D0040026C10E /* Sources */,
				88FF74941D43D0040026C10E /* Frameworks */,
				88FF74951D43D0040026C10E /* Resources */,
			);
			buildRules = (
			);
			dependencies = (
			);
			name = "i-Vol";
			productName = "i-Vol";
			productReference = 88FF74971D43D0040026C10E /* i-Vol.app */;
			productType = "com.apple.product-type.application";
		};
/* End PBXNativeTarget section */

/* Begin PBXProject section */
		88FF748F1D43D0040026C10E /* Project object */ = {
			isa = PBXProject;
			attributes = {
				LastSwiftUpdateCheck = 0730;
				LastUpgradeCheck = 0730;
				ORGANIZATIONNAME = "Project Omicron";
				TargetAttributes = {
					88FF74961D43D0040026C10E = {
						CreatedOnToolsVersion = 7.3.1;
					};
				};
			};
			buildConfigurationList = 88FF74921D43D0040026C10E /* Build configuration list for PBXProject "i-Vol" */;
			compatibilityVersion = "Xcode 3.2";
			developmentRegion = English;
			hasScannedForEncodings = 0;
			knownRegions = (
				en,
				Base,
			);
			mainGroup = 88FF748E1D43D0040026C10E;
			productRefGroup = 88FF74981D43D0040026C10E /* Products */;
			projectDirPath = "";
			projectRoot = "";
			targets = (
				88FF74961D43D0040026C10E /* i-Vol */,
			);
		};
/* End PBXProject section */

/* Begin PBXResourcesBuildPhase section */
		88FF74951D43D0040026C10E /* Resources */ = {
			isa = PBXResourcesBuildPhase;
			buildActionMask = 2147483647;
			files = (
				88FF74A51D43D0040026C10E /* LaunchScreen.storyboard in Resources */,
				88FF74A21D43D0040026C10E /* Assets.xcassets in Resources */,
				88FF74A01D43D0040026C10E /* Main.storyboard in Resources */,
			);
			runOnlyForDeploymentPostprocessing = 0;
		};
/* End PBXResourcesBuildPhase section */

/* Begin PBXSourcesBuildPhase section */
		88FF74931D43D0040026C10E /* Sources */ = {
			isa = PBXSourcesBuildPhase;
			buildActionMask = 2147483647;
			files = (
				88FF74B91D43D6C90026C10E /* User.swift in Sources */,
				88FF74BD1D43DD0E0026C10E /* NonProfitGym.swift in Sources */,
				88FF749D1D43D0040026C10E /* IVolLoginViewController.swift in Sources */,
				88FF74BF1D43E1EA0026C10E /* Clan.swift in Sources */,
				88FF749B1D43D0040026C10E /* AppDelegate.swift in Sources */,
				88FF74B41D43D5060026C10E /* IVolBaseViewController.swift in Sources */,
				88FF74BB1D43DAD90026C10E /* Event.swift in Sources */,
			);
			runOnlyForDeploymentPostprocessing = 0;
		};
/* End PBXSourcesBuildPhase section */

/* Begin PBXVariantGroup section */
		88FF749E1D43D0040026C10E /* Main.storyboard */ = {
			isa = PBXVariantGroup;
			children = (
				88FF749F1D43D0040026C10E /* Base */,
			);
			name = Main.storyboard;
			path = Storyboards;
			sourceTree = "<group>";
		};
		88FF74A31D43D0040026C10E /* LaunchScreen.storyboard */ = {
			isa = PBXVariantGroup;
			children = (
				88FF74A41D43D0040026C10E /* Base */,
			);
			name = LaunchScreen.storyboard;
			path = Storyboards;
			sourceTree = "<group>";
		};
/* End PBXVariantGroup section */

/* Begin XCBuildConfiguration section */
		88FF74A71D43D0040026C10E /* Debug */ = {
			isa = XCBuildConfiguration;
			buildSettings = {
				ALWAYS_SEARCH_USER_PATHS = NO;
				CLANG_ANALYZER_NONNULL = YES;
				CLANG_CXX_LANGUAGE_STANDARD = "gnu++0x";
				CLANG_CXX_LIBRARY = "libc++";
				CLANG_ENABLE_MODULES = YES;
				CLANG_ENABLE_OBJC_ARC = YES;
				CLANG_WARN_BOOL_CONVERSION = YES;
				CLANG_WARN_CONSTANT_CONVERSION = YES;
				CLANG_WARN_DIRECT_OBJC_ISA_USAGE = YES_ERROR;
				CLANG_WARN_EMPTY_BODY = YES;
				CLANG_WARN_ENUM_CONVERSION = YES;
				CLANG_WARN_INT_CONVERSION = YES;
				CLANG_WARN_OBJC_ROOT_CLASS = YES_ERROR;
				CLANG_WARN_UNREACHABLE_CODE = YES;
				CLANG_WARN__DUPLICATE_METHOD_MATCH = YES;
				"CODE_SIGN_IDENTITY[sdk=iphoneos*]" = "iPhone Developer";
				COPY_PHASE_STRIP = NO;
				DEBUG_INFORMATION_FORMAT = dwarf;
				ENABLE_STRICT_OBJC_MSGSEND = YES;
				ENABLE_TESTABILITY = YES;
				GCC_C_LANGUAGE_STANDARD = gnu99;
				GCC_DYNAMIC_NO_PIC = NO;
				GCC_NO_COMMON_BLOCKS = YES;
				GCC_OPTIMIZATION_LEVEL = 0;
				GCC_PREPROCESSOR_DEFINITIONS = (
					"DEBUG=1",
					"$(inherited)",
				);
				GCC_WARN_64_TO_32_BIT_CONVERSION = YES;
				GCC_WARN_ABOUT_RETURN_TYPE = YES_ERROR;
				GCC_WARN_UNDECLARED_SELECTOR = YES;
				GCC_WARN_UNINITIALIZED_AUTOS = YES_AGGRESSIVE;
				GCC_WARN_UNUSED_FUNCTION = YES;
				GCC_WARN_UNUSED_VARIABLE = YES;
				IPHONEOS_DEPLOYMENT_TARGET = 8.0;
				MTL_ENABLE_DEBUG_INFO = YES;
				ONLY_ACTIVE_ARCH = YES;
				SDKROOT = iphoneos;
				SWIFT_OPTIMIZATION_LEVEL = "-Onone";
			};
			name = Debug;
		};
		88FF74A81D43D0040026C10E /* Release */ = {
			isa = XCBuildConfiguration;
			buildSettings = {
				ALWAYS_SEARCH_USER_PATHS = NO;
				CLANG_ANALYZER_NONNULL = YES;
				CLANG_CXX_LANGUAGE_STANDARD = "gnu++0x";
				CLANG_CXX_LIBRARY = "libc++";
				CLANG_ENABLE_MODULES = YES;
				CLANG_ENABLE_OBJC_ARC = YES;
				CLANG_WARN_BOOL_CONVERSION = YES;
				CLANG_WARN_CONSTANT_CONVERSION = YES;
				CLANG_WARN_DIRECT_OBJC_ISA_USAGE = YES_ERROR;
				CLANG_WARN_EMPTY_BODY = YES;
				CLANG_WARN_ENUM_CONVERSION = YES;
				CLANG_WARN_INT_CONVERSION = YES;
				CLANG_WARN_OBJC_ROOT_CLASS = YES_ERROR;
				CLANG_WARN_UNREACHABLE_CODE = YES;
				CLANG_WARN__DUPLICATE_METHOD_MATCH = YES;
				"CODE_SIGN_IDENTITY[sdk=iphoneos*]" = "iPhone Developer";
				COPY_PHASE_STRIP = NO;
				DEBUG_INFORMATION_FORMAT = "dwarf-with-dsym";
				ENABLE_NS_ASSERTIONS = NO;
				ENABLE_STRICT_OBJC_MSGSEND = YES;
				GCC_C_LANGUAGE_STANDARD = gnu99;
				GCC_NO_COMMON_BLOCKS = YES;
				GCC_WARN_64_TO_32_BIT_CONVERSION = YES;
				GCC_WARN_ABOUT_RETURN_TYPE = YES_ERROR;
				GCC_WARN_UNDECLARED_SELECTOR = YES;
				GCC_WARN_UNINITIALIZED_AUTOS = YES_AGGRESSIVE;
				GCC_WARN_UNUSED_FUNCTION = YES;
				GCC_WARN_UNUSED_VARIABLE = YES;
				IPHONEOS_DEPLOYMENT_TARGET = 8.0;
				MTL_ENABLE_DEBUG_INFO = NO;
				SDKROOT = iphoneos;
				VALIDATE_PRODUCT = YES;
			};
			name = Release;
		};
		88FF74AA1D43D0040026C10E /* Debug */ = {
			isa = XCBuildConfiguration;
			buildSettings = {
				ASSETCATALOG_COMPILER_APPICON_NAME = AppIcon;
				INFOPLIST_FILE = "i-Vol/Info.plist";
				IPHONEOS_DEPLOYMENT_TARGET = 8.0;
				LD_RUNPATH_SEARCH_PATHS = "$(inherited) @executable_path/Frameworks";
				PRODUCT_BUNDLE_IDENTIFIER = "com.projectomicron.i-Vol";
				PRODUCT_NAME = "$(TARGET_NAME)";
			};
			name = Debug;
		};
		88FF74AB1D43D0040026C10E /* Release */ = {
			isa = XCBuildConfiguration;
			buildSettings = {
				ASSETCATALOG_COMPILER_APPICON_NAME = AppIcon;
				INFOPLIST_FILE = "i-Vol/Info.plist";
				IPHONEOS_DEPLOYMENT_TARGET = 8.0;
				LD_RUNPATH_SEARCH_PATHS = "$(inherited) @executable_path/Frameworks";
				PRODUCT_BUNDLE_IDENTIFIER = "com.projectomicron.i-Vol";
				PRODUCT_NAME = "$(TARGET_NAME)";
			};
			name = Release;
		};
/* End XCBuildConfiguration section */

/* Begin XCConfigurationList section */
		88FF74921D43D0040026C10E /* Build configuration list for PBXProject "i-Vol" */ = {
			isa = XCConfigurationList;
			buildConfigurations = (
				88FF74A71D43D0040026C10E /* Debug */,
				88FF74A81D43D0040026C10E /* Release */,
			);
			defaultConfigurationIsVisible = 0;
			defaultConfigurationName = Release;
		};
		88FF74A91D43D0040026C10E /* Build configuration list for PBXNativeTarget "i-Vol" */ = {
			isa = XCConfigurationList;
			buildConfigurations = (
				88FF74AA1D43D0040026C10E /* Debug */,
				88FF74AB1D43D0040026C10E /* Release */,
			);
			defaultConfigurationIsVisible = 0;
		};
/* End XCConfigurationList section */
	};
	rootObject = 88FF748F1D43D0040026C10E /* Project object */;
}
